# This file is autogenerated, do not edit; changes may be undone by the next 'dep ensure'.


[[projects]]
  digest = "1:4132a4623657c2ba93a7cf83dccc6869b3e3bb91dc2afefa7c7032e10ceeaa12"
  name = "github.com/adrianmo/go-nmea"
  packages = ["."]
  pruneopts = "UT"
  revision = "a32116e4989e2b0e17c057ee378b4d5246add74e"
  version = "v1.1.0"

[[projects]]
  branch = "master"
  digest = "1:1d692605b66a4fbe2a3de27131619e8e2c88ccf142ee43a7a8c902339942e0cc"
  name = "github.com/antchfx/jsonquery"
  packages = ["."]
  pruneopts = "UT"
  revision = "a2896be8c82bb2229d1cf26204863180e34b2b31"

[[projects]]
  branch = "master"
  digest = "1:7e4a9eaa42cb3b4cd48bd0cd2072a029fe25a47af20cfac529ea8c365f8559ac"
  name = "github.com/antchfx/xpath"
  packages = ["."]
  pruneopts = "UT"
  revision = "c8489ed3251e7d55ec2b7f18a2bc3a9a7222f0af"

[[projects]]
  branch = "master"
  digest = "1:a2c142e6c2aa1c71796c748bbe42d224e23d6638fd5b3ae153e70a4b08a8da4e"
  name = "github.com/bettercap/gatt"
  packages = [
    ".",
    "linux",
    "linux/cmd",
    "linux/evt",
    "linux/gioctl",
    "linux/socket",
    "linux/util",
    "xpc",
  ]
  pruneopts = "UT"
  revision = "277ee0d0ef94d26e3190252c59fa34dde0df4f26"

[[projects]]
  branch = "master"
  digest = "1:c93fdd8820c13c2e2000d3064c510dde1397edca5ca1533fd15943402dab92b0"
  name = "github.com/bettercap/nrf24"
  packages = ["."]
  pruneopts = "UT"
  revision = "aa37e6d0e0eb125cee9ec71ed694db2ad58b509a"

[[projects]]
  digest = "1:b95738a1e6ace058b5b8544303c0871fc01d224ef0d672f778f696265d0f2917"
  name = "github.com/bettercap/readline"
  packages = ["."]
  pruneopts = "UT"
  revision = "62c6fe6193755f722b8b8788aa7357be55a50ff1"
  version = "v1.4"

[[projects]]
  branch = "master"
  digest = "1:8efd09ca363b01b7dca5baf091d65473df5f08f107b7c3fcd93c605189e031ed"
  name = "github.com/chifflier/nfqueue-go"
  packages = ["nfqueue"]
  pruneopts = "UT"
  revision = "61ca646babef3bd4dea1deb610bfb0005c0a1298"

[[projects]]
  branch = "master"
  digest = "1:6f9339c912bbdda81302633ad7e99a28dfa5a639c864061f1929510a9a64aa74"
  name = "github.com/dustin/go-humanize"
  packages = ["."]
  pruneopts = "UT"
  revision = "9f541cc9db5d55bce703bd99987c9d5cb8eea45e"

[[projects]]
  branch = "master"
  digest = "1:f77360df85b686035d0bff3b3988b29eb7ce415328e37e82cc5ec8439822911c"
  name = "github.com/elazarl/goproxy"
  packages = ["."]
  pruneopts = "UT"
  revision = "2ce16c963a8ac5bd6af851d4877e38701346983f"

[[projects]]
  digest = "1:5247f5757ba31623c464db149dc272a37604516d8fbae1561b36e0d7cee070a5"
  name = "github.com/evilsocket/islazy"
  packages = [
    "data",
    "fs",
    "log",
    "ops",
    "plugin",
    "str",
    "tui",
    "zip",
  ]
  pruneopts = "UT"
  revision = "c5c7a41bb1c20e6df409825ed24af8de5fb7fb70"
  version = "v1.10.4"

[[projects]]
  branch = "master"
  digest = "1:e5e45557e1871c967a6ccaa5b95d1233a2c01ab00615621825d1aca7383dc022"
  name = "github.com/gobwas/glob"
  packages = [
    ".",
    "compiler",
    "match",
    "syntax",
    "syntax/ast",
    "syntax/lexer",
    "util/runes",
    "util/strings",
  ]
  pruneopts = "UT"
  revision = "e7a84e9525fe90abcda167b604e483cc959ad4aa"

[[projects]]
  digest = "1:51bee9f1987dcdb9f9a1b4c20745d78f6bf6f5f14ad4e64ca883eb64df4c0045"
  name = "github.com/google/go-github"
  packages = ["github"]
  pruneopts = "UT"
  revision = "e48060a28fac52d0f1cb758bc8b87c07bac4a87d"
  version = "v15.0.0"

[[projects]]
  digest = "1:a63cff6b5d8b95638bfe300385d93b2a6d9d687734b863da8e09dc834510a690"
  name = "github.com/google/go-querystring"
  packages = ["query"]
  pruneopts = "UT"
  revision = "44c6ddd0a2342c386950e880b658017258da92fc"
  version = "v1.0.0"

[[projects]]
  digest = "1:b23296076e13a960263285b98907623e5d45f12fc405b14da19c6afa2a113deb"
  name = "github.com/google/gopacket"
  packages = [
    ".",
    "layers",
    "pcap",
    "pcapgo",
  ]
  pruneopts = "UT"
  revision = "v1.1.16"

[[projects]]
  branch = "master"
  digest = "1:2ef895ea08a0af10ad6f1e1faf631c82fa5413dcf0ada93eb62ab5ad02df4979"
  name = "github.com/google/gousb"
  packages = ["."]
  pruneopts = "UT"
  revision = "d0c05ab7f70d6f6dc60ecd184517cb5e25860657"

[[projects]]
  digest = "1:ca59b1175189b3f0e9f1793d2c350114be36eaabbe5b9f554b35edee1de50aea"
  name = "github.com/gorilla/mux"
  packages = ["."]
  pruneopts = "UT"
  revision = "a7962380ca08b5a188038c69871b8d3fbdf31e89"
  version = "v1.7.0"

[[projects]]
  digest = "1:7b5c6e2eeaa9ae5907c391a91c132abfd5c9e8a784a341b5625e750c67e6825d"
  name = "github.com/gorilla/websocket"
  packages = ["."]
  pruneopts = "UT"
  revision = "66b9c49e59c6c48f0ffce28c2d8b8a5678502c6d"
  version = "v1.4.0"

[[projects]]
  branch = "master"
  digest = "1:6480de9b8abc75bfb06947e139aa07429dfed37f95a258e90865c4c84a9e188b"
  name = "github.com/inconshreveable/go-vhost"
  packages = ["."]
  pruneopts = "UT"
  revision = "06d84117953b22058c096b49a429ebd4f3d3d97b"

[[projects]]
  branch = "master"
  digest = "1:45da610fe81bb89b25555d0111fa338dcdbf2346afdb2b7296c8c49e554a9d32"
  name = "github.com/jpillora/go-tld"
  packages = ["."]
  pruneopts = "UT"
  revision = "f16ca3b7b383d3f0373109cac19147de3e8ae2d1"

[[projects]]
  digest = "1:4701b2acabe16722ecb1e387d39741a29269386bfc4ba6283ecda362d289eff1"
  name = "github.com/malfunkt/iprange"
  packages = ["."]
  pruneopts = "UT"
  revision = "3a31f5ed42d2d8a1fc46f1be91fd693bdef2dd52"
  version = "v0.9.0"

[[projects]]
  digest = "1:2fa7b0155cd54479a755c629de26f888a918e13f8857a2c442205d825368e084"
  name = "github.com/mattn/go-colorable"
  packages = ["."]
  pruneopts = "UT"
  revision = "3a70a971f94a22f2fa562ffcc7a0eb45f5daf045"
  version = "v0.1.1"

[[projects]]
  digest = "1:3bb9c8451d199650bfd303e0068d86f135952fead374ad87c09a9b8a2cc4bd7c"
  name = "github.com/mattn/go-isatty"
  packages = ["."]
  pruneopts = "UT"
  revision = "369ecd8cea9851e459abb67eb171853e3986591e"
  version = "v0.0.6"

[[projects]]
  branch = "master"
  digest = "1:0e2c7e1de0daaa759dac2b7feb90fdc944f1d23a6e0c8c20502cb635bcd2aaba"
  name = "github.com/mdlayher/dhcp6"
  packages = [
    ".",
    "dhcp6opts",
    "internal/buffer",
  ]
  pruneopts = "UT"
  revision = "775147d26a880f77f6e06d1a28fbeb2ec4fec013"

[[projects]]
  branch = "master"
  digest = "1:34fe44dd2bbe5723068e0a7a266847965a88297d383fe611e0358e556d82de09"
  name = "github.com/mdlayher/raw"
  packages = ["."]
  pruneopts = "UT"
  revision = "480b93709cce56651807d3fdeb260a5a7c4e2d5f"

[[projects]]
  branch = "master"
  digest = "1:2b32af4d2a529083275afc192d1067d8126b578c7a9613b26600e4df9c735155"
  name = "github.com/mgutz/ansi"
  packages = ["."]
  pruneopts = "UT"
  revision = "9520e82c474b0a04dd04f8a40959027271bab992"

[[projects]]
  digest = "1:17bc403348b60bd01bfd2e507fcb23463e76f4b1f433d50b0872b8219df1250d"
  name = "github.com/mgutz/logxi"
  packages = ["v1"]
  pruneopts = "UT"
  revision = "aebf8a7d67ab4625e0fd4a665766fef9a709161b"
  version = "v1"

[[projects]]
  digest = "1:cf31692c14422fa27c83a05292eb5cbe0fb2775972e8f1f8446a71549bd8980b"
  name = "github.com/pkg/errors"
  packages = ["."]
  pruneopts = "UT"
  revision = "ba968bfe8b2f7e042a574c888954fccecfa385b4"
  version = "v0.8.1"

[[projects]]
  branch = "master"
  digest = "1:dbfe572cc258e5bcf54cb650a06d90edd0da04e42ca1ed909cc1d49f00011c63"
  name = "github.com/robertkrimen/otto"
  packages = [
    ".",
    "ast",
    "dbg",
    "file",
    "parser",
    "registry",
    "token",
  ]
  pruneopts = "UT"
  revision = "15f95af6e78dcd2030d8195a138bd88d4f403546"

[[projects]]
  branch = "master"
  digest = "1:52b21e6be25049834aea5ecdde35d723c00fbdad3ea0357f2072dfb105836e02"
  name = "github.com/tarm/serial"
  packages = ["."]
  pruneopts = "UT"
  revision = "98f6abe2eb07edd42f6dfa2a934aea469acc29b7"

[[projects]]
  branch = "master"
  digest = "1:b45576bdf553b4c64ff798345b3256e49a157f8b480d29c8c0a89f09119d6c5a"
  name = "golang.org/x/net"
  packages = ["bpf"]
  pruneopts = "UT"
  revision = "16b79f2e4e95ea23b2bf9903c9809ff7b013ce85"

[[projects]]
  branch = "master"
  digest = "1:a2bc6cb1f4e1d0b512e1d47d392ead580006b5bdade6ffde16271759fe609b34"
  name = "golang.org/x/sys"
  packages = ["unix"]
  pruneopts = "UT"
  revision = "b6889370fb1098ed892bd3400d189bb6a3355813"

[[projects]]
  digest = "1:9935525a8c49b8434a0b0a54e1980e94a6fae73aaff45c5d33ba8dff69de123e"
  name = "gopkg.in/sourcemap.v1"
  packages = [
    ".",
    "base64vlq",
  ]
  pruneopts = "UT"
  revision = "6e83acea0053641eff084973fee085f0c193c61a"
  version = "v1.0.5"

[solve-meta]
  analyzer-name = "dep"
  analyzer-version = 1
  input-imports = [
    "github.com/adrianmo/go-nmea",
    "github.com/antchfx/jsonquery",
    "github.com/bettercap/gatt",
    "github.com/bettercap/nrf24",
    "github.com/bettercap/readline",
    "github.com/chifflier/nfqueue-go/nfqueue",
    "github.com/dustin/go-humanize",
    "github.com/elazarl/goproxy",
    "github.com/evilsocket/islazy/data",
    "github.com/evilsocket/islazy/fs",
    "github.com/evilsocket/islazy/log",
    "github.com/evilsocket/islazy/ops",
    "github.com/evilsocket/islazy/plugin",
    "github.com/evilsocket/islazy/str",
    "github.com/evilsocket/islazy/tui",
    "github.com/evilsocket/islazy/zip",
    "github.com/gobwas/glob",
    "github.com/google/go-github/github",
    "github.com/google/gopacket",
    "github.com/google/gopacket/layers",
    "github.com/google/gopacket/pcap",
    "github.com/google/gopacket/pcapgo",
    "github.com/gorilla/mux",
    "github.com/gorilla/websocket",
    "github.com/inconshreveable/go-vhost",
    "github.com/jpillora/go-tld",
    "github.com/malfunkt/iprange",
    "github.com/mdlayher/dhcp6",
    "github.com/mdlayher/dhcp6/dhcp6opts",
    "github.com/robertkrimen/otto",
    "github.com/tarm/serial",
  ]
  solver-name = "gps-cdcl"
  solver-version = 1
