# This file is autogenerated, do not edit; changes may be undone by the next 'dep ensure'.


[[projects]]
  digest = "1:4132a4623657c2ba93a7cf83dccc6869b3e3bb91dc2afefa7c7032e10ceeaa12"
  name = "github.com/adrianmo/go-nmea"
  packages = ["."]
  pruneopts = "UT"
  revision = "a32116e4989e2b0e17c057ee378b4d5246add74e"
  version = "v1.1.0"

[[projects]]
  branch = "master"
  digest = "1:1d692605b66a4fbe2a3de27131619e8e2c88ccf142ee43a7a8c902339942e0cc"
  name = "github.com/antchfx/jsonquery"
  packages = ["."]
  pruneopts = "UT"
  revision = "a2896be8c82bb2229d1cf26204863180e34b2b31"

[[projects]]
  digest = "1:3a4202162c0d85f2a5fed5675bd35e6686c8b379c63e40ef105bf3e7d76d97f5"
  name = "github.com/antchfx/xpath"
  packages = ["."]
  pruneopts = "UT"
  revision = "ce1d48779e67a1ddfb380995fe532b2e0015919c"
  version = "v1.0.0"

[[projects]]
  branch = "master"
  digest = "1:53170f5fc3294b1f6f8281676b17c547c7030e7513151a8d2c4b50ebdc55ee9e"
  name = "github.com/bettercap/gatt"
  packages = [
    ".",
    "linux",
    "linux/cmd",
    "linux/evt",
    "linux/gioctl",
    "linux/socket",
    "linux/util",
    "xpc",
  ]
  pruneopts = "UT"
  revision = "3c65008f542558339ee0a45c70f4bf5c6870ca90"

[[projects]]
  branch = "master"
  digest = "1:c93fdd8820c13c2e2000d3064c510dde1397edca5ca1533fd15943402dab92b0"
  name = "github.com/bettercap/nrf24"
  packages = ["."]
  pruneopts = "UT"
  revision = "aa37e6d0e0eb125cee9ec71ed694db2ad58b509a"

[[projects]]
  digest = "1:b95738a1e6ace058b5b8544303c0871fc01d224ef0d672f778f696265d0f2917"
  name = "github.com/bettercap/readline"
  packages = ["."]
  pruneopts = "UT"
  revision = "62c6fe6193755f722b8b8788aa7357be55a50ff1"
  version = "v1.4"

[[projects]]
  digest = "1:6b01d6818554363a129a2504033feacdfd8b9ddba998831fa57781eb90e60f32"
  name = "github.com/bettercap/recording"
  packages = ["."]
  pruneopts = "UT"
  revision = "3ce1dcf032e391eb321311b34cdf31c6fc9523f5"

[[projects]]
  branch = "master"
  digest = "1:8efd09ca363b01b7dca5baf091d65473df5f08f107b7c3fcd93c605189e031ed"
  name = "github.com/chifflier/nfqueue-go"
  packages = ["nfqueue"]
  pruneopts = "UT"
  revision = "61ca646babef3bd4dea1deb610bfb0005c0a1298"

[[projects]]
  branch = "master"
  digest = "1:6f9339c912bbdda81302633ad7e99a28dfa5a639c864061f1929510a9a64aa74"
  name = "github.com/dustin/go-humanize"
  packages = ["."]
  pruneopts = "UT"
  revision = "9f541cc9db5d55bce703bd99987c9d5cb8eea45e"

[[projects]]
  branch = "master"
  digest = "1:83d8ba12385e72ff79d1518e02a3a25e4d0cd6994cc1fe869317af7f4b88c957"
  name = "github.com/elazarl/goproxy"
  packages = ["."]
  pruneopts = "UT"
  revision = "473e67f1d7d297e5be759edf6e981768c89529f2"

[[projects]]
  digest = "1:a6346055dbca49d489f048f55c6efb0451642c8f94e649160b50e571ac6ce738"
  name = "github.com/evilsocket/islazy"
  packages = [
    "async",
    "data",
    "fs",
    "log",
    "ops",
    "plugin",
    "str",
    "tui",
    "zip",
  ]
  pruneopts = "UT"
  revision = "c5c7a41bb1c20e6df409825ed24af8de5fb7fb70"
  version = "v1.10.4"

[[projects]]
  branch = "master"
  digest = "1:e5e45557e1871c967a6ccaa5b95d1233a2c01ab00615621825d1aca7383dc022"
  name = "github.com/gobwas/glob"
  packages = [
    ".",
    "compiler",
    "match",
    "syntax",
    "syntax/ast",
    "syntax/lexer",
    "util/runes",
    "util/strings",
  ]
  pruneopts = "UT"
  revision = "e7a84e9525fe90abcda167b604e483cc959ad4aa"

[[projects]]
  digest = "1:51bee9f1987dcdb9f9a1b4c20745d78f6bf6f5f14ad4e64ca883eb64df4c0045"
  name = "github.com/google/go-github"
  packages = ["github"]
  pruneopts = "UT"
  revision = "e48060a28fac52d0f1cb758bc8b87c07bac4a87d"
  version = "v15.0.0"

[[projects]]
  digest = "1:a63cff6b5d8b95638bfe300385d93b2a6d9d687734b863da8e09dc834510a690"
  name = "github.com/google/go-querystring"
  packages = ["query"]
  pruneopts = "UT"
  revision = "44c6ddd0a2342c386950e880b658017258da92fc"
  version = "v1.0.0"

[[projects]]
  digest = "1:b23296076e13a960263285b98907623e5d45f12fc405b14da19c6afa2a113deb"
  name = "github.com/google/gopacket"
  packages = [
    ".",
    "layers",
    "pcap",
    "pcapgo",
  ]
  pruneopts = "UT"
  revision = "v1.1.16"

[[projects]]
  branch = "master"
  digest = "1:592f10129d14cecdba718efe84a40df7adb1c67f78537cb3ab84b72c9bb0a91e"
  name = "github.com/google/gousb"
  packages = ["."]
  pruneopts = "UT"
  revision = "18f4c1d8a750878c4f86ac3d7319b8aa462a79f9"

[[projects]]
  digest = "1:cbec35fe4d5a4fba369a656a8cd65e244ea2c743007d8f6c1ccb132acf9d1296"
  name = "github.com/gorilla/mux"
  packages = ["."]
  pruneopts = "UT"
  revision = "00bdffe0f3c77e27d2cf6f5c70232a2d3e4d9c15"
  version = "v1.7.3"

[[projects]]
  digest = "1:e62657cca9badaa308d86e7716083e4c5933bb78e30a17743fc67f50be26f6f4"
  name = "github.com/gorilla/websocket"
  packages = ["."]
  pruneopts = "UT"
  revision = "c3e18be99d19e6b3e8f1559eea2c161a665c4b6b"
  version = "v1.4.1"

[[projects]]
  digest = "1:89d41e902c8415f538d75e9d3008b286d30fe853ccf32def2dd37b82dd2ade14"
  name = "github.com/hashicorp/mdns"
  packages = ["."]
  pruneopts = "UT"
  revision = "06dd1a31b32c42d4d6c2cf8dbce70597d1118f54"
  version = "v1.0.1"

[[projects]]
  branch = "master"
  digest = "1:6480de9b8abc75bfb06947e139aa07429dfed37f95a258e90865c4c84a9e188b"
  name = "github.com/inconshreveable/go-vhost"
  packages = ["."]
  pruneopts = "UT"
  revision = "06d84117953b22058c096b49a429ebd4f3d3d97b"

[[projects]]
  branch = "master"
  digest = "1:45da610fe81bb89b25555d0111fa338dcdbf2346afdb2b7296c8c49e554a9d32"
  name = "github.com/jpillora/go-tld"
  packages = ["."]
  pruneopts = "UT"
  revision = "f16ca3b7b383d3f0373109cac19147de3e8ae2d1"

[[projects]]
  digest = "1:7ad278b575635babef38e4ad4219500c299a58ea14b30eb21383d0efca00b369"
  name = "github.com/kr/binarydist"
  packages = ["."]
  pruneopts = "UT"
  revision = "88f551ae580780cc79d12ab4c218ba1ca346b83a"
  version = "v0.1.0"

[[projects]]
  digest = "1:4701b2acabe16722ecb1e387d39741a29269386bfc4ba6283ecda362d289eff1"
  name = "github.com/malfunkt/iprange"
  packages = ["."]
  pruneopts = "UT"
  revision = "3a31f5ed42d2d8a1fc46f1be91fd693bdef2dd52"
  version = "v0.9.0"

[[projects]]
  digest = "1:7c084e0e780596dd2a7e20d25803909a9a43689c153de953520dfbc0b0e51166"
  name = "github.com/mattn/go-colorable"
  packages = ["."]
  pruneopts = "UT"
  revision = "8029fb3788e5a4a9c00e415f586a6d033f5d38b3"
  version = "v0.1.2"

[[projects]]
  digest = "1:36325ebb862e0382f2f14feef409ba9351271b89ada286ae56836c603d43b59c"
  name = "github.com/mattn/go-isatty"
  packages = ["."]
  pruneopts = "UT"
  revision = "e1f7b56ace729e4a73a29a6b4fac6cd5fcda7ab3"
  version = "v0.0.9"

[[projects]]
  branch = "master"
  digest = "1:b2a92f887089bda5ea0b5c885d6e785581756da3e24ed86df5566c60721a70ec"
  name = "github.com/mdlayher/dhcp6"
  packages = [
    ".",
    "dhcp6opts",
    "internal/buffer",
  ]
  pruneopts = "UT"
  revision = "2a67805d7d0b0bad6c1103058981afdea583b459"

[[projects]]
  digest = "1:34fe44dd2bbe5723068e0a7a266847965a88297d383fe611e0358e556d82de09"
  name = "github.com/mdlayher/raw"
  packages = ["."]
  pruneopts = "UT"
  revision = "480b93709cce56651807d3fdeb260a5a7c4e2d5f"

[[projects]]
  branch = "master"
  digest = "1:2b32af4d2a529083275afc192d1067d8126b578c7a9613b26600e4df9c735155"
  name = "github.com/mgutz/ansi"
  packages = ["."]
  pruneopts = "UT"
  revision = "9520e82c474b0a04dd04f8a40959027271bab992"

[[projects]]
  digest = "1:17bc403348b60bd01bfd2e507fcb23463e76f4b1f433d50b0872b8219df1250d"
  name = "github.com/mgutz/logxi"
  packages = ["v1"]
  pruneopts = "UT"
  revision = "aebf8a7d67ab4625e0fd4a665766fef9a709161b"
  version = "v1"

[[projects]]
  digest = "1:857519ede212509c0325923628682c94d837329fda0f7409164fb4862618e50d"
  name = "github.com/miekg/dns"
  packages = ["."]
  pruneopts = "UT"
  revision = "2acbc9eff343291e671c1a9ba7be3201bf66dfd6"
  version = "v1.1.17"

[[projects]]
  digest = "1:5d231480e1c64a726869bc4142d270184c419749d34f167646baa21008eb0a79"
  name = "github.com/mitchellh/go-homedir"
  packages = ["."]
  pruneopts = "UT"
  revision = "af06845cf3004701891bf4fdb884bfe4920b3727"
  version = "v1.1.0"

[[projects]]
  digest = "1:cf31692c14422fa27c83a05292eb5cbe0fb2775972e8f1f8446a71549bd8980b"
  name = "github.com/pkg/errors"
  packages = ["."]
  pruneopts = "UT"
  revision = "ba968bfe8b2f7e042a574c888954fccecfa385b4"
  version = "v0.8.1"

[[projects]]
  branch = "master"
  digest = "1:dbfe572cc258e5bcf54cb650a06d90edd0da04e42ca1ed909cc1d49f00011c63"
  name = "github.com/robertkrimen/otto"
  packages = [
    ".",
    "ast",
    "dbg",
    "file",
    "parser",
    "registry",
    "token",
  ]
  pruneopts = "UT"
  revision = "15f95af6e78dcd2030d8195a138bd88d4f403546"

[[projects]]
  branch = "master"
  digest = "1:52b21e6be25049834aea5ecdde35d723c00fbdad3ea0357f2072dfb105836e02"
  name = "github.com/tarm/serial"
  packages = ["."]
  pruneopts = "UT"
  revision = "98f6abe2eb07edd42f6dfa2a934aea469acc29b7"

[[projects]]
  branch = "master"
  digest = "1:cd7e85fc3687e062714febdee3e8efeb00a413a2a620d28908fd0258261d2353"
  name = "golang.org/x/crypto"
  packages = [
    "ed25519",
    "ed25519/internal/edwards25519",
  ]
  pruneopts = "UT"
  revision = "094676da4a83be5288d281081bba63a173ce6772"

[[projects]]
  branch = "master"
  digest = "1:34afc8319beb13f1fe5cacfddab53332c56f570b36dd409b033ea43153cc8f00"
  name = "golang.org/x/net"
  packages = [
    "bpf",
    "html",
    "html/atom",
    "internal/iana",
    "internal/socket",
    "ipv4",
    "ipv6",
  ]
  pruneopts = "UT"
  revision = "a7b16738d86b947dd0fadb08ca2c2342b51958b6"

[[projects]]
  branch = "master"
  digest = "1:30fb053552c768bb5e5edca6191b2d46526490a5e610e64ed740128ed4564898"
  name = "golang.org/x/sys"
  packages = [
    "unix",
    "windows",
  ]
  pruneopts = "UT"
  revision = "bbd175535a8b9969bb0b33f1502f681ee0b122bd"

[[projects]]
  digest = "1:9935525a8c49b8434a0b0a54e1980e94a6fae73aaff45c5d33ba8dff69de123e"
  name = "gopkg.in/sourcemap.v1"
  packages = [
    ".",
    "base64vlq",
  ]
  pruneopts = "UT"
  revision = "6e83acea0053641eff084973fee085f0c193c61a"
  version = "v1.0.5"

[solve-meta]
  analyzer-name = "dep"
  analyzer-version = 1
  input-imports = [
    "github.com/adrianmo/go-nmea",
    "github.com/antchfx/jsonquery",
    "github.com/bettercap/gatt",
    "github.com/bettercap/nrf24",
    "github.com/bettercap/readline",
    "github.com/bettercap/recording",
    "github.com/chifflier/nfqueue-go/nfqueue",
    "github.com/dustin/go-humanize",
    "github.com/elazarl/goproxy",
    "github.com/evilsocket/islazy/async",
    "github.com/evilsocket/islazy/data",
    "github.com/evilsocket/islazy/fs",
    "github.com/evilsocket/islazy/log",
    "github.com/evilsocket/islazy/ops",
    "github.com/evilsocket/islazy/plugin",
    "github.com/evilsocket/islazy/str",
    "github.com/evilsocket/islazy/tui",
    "github.com/evilsocket/islazy/zip",
    "github.com/gobwas/glob",
    "github.com/google/go-github/github",
    "github.com/google/gopacket",
    "github.com/google/gopacket/layers",
    "github.com/google/gopacket/pcap",
    "github.com/google/gopacket/pcapgo",
    "github.com/google/gousb",
    "github.com/gorilla/mux",
    "github.com/gorilla/websocket",
    "github.com/hashicorp/mdns",
    "github.com/inconshreveable/go-vhost",
    "github.com/jpillora/go-tld",
    "github.com/malfunkt/iprange",
    "github.com/mdlayher/dhcp6",
    "github.com/mdlayher/dhcp6/dhcp6opts",
    "github.com/mdlayher/raw",
    "github.com/miekg/dns",
    "github.com/mitchellh/go-homedir",
    "github.com/robertkrimen/otto",
    "github.com/tarm/serial",
    "golang.org/x/net/html",
  ]
  solver-name = "gps-cdcl"
  solver-version = 1
