# This file is autogenerated, do not edit; changes may be undone by the next 'dep ensure'.


[[projects]]
  digest = "1:4132a4623657c2ba93a7cf83dccc6869b3e3bb91dc2afefa7c7032e10ceeaa12"
  name = "github.com/adrianmo/go-nmea"
  packages = ["."]
  pruneopts = "UT"
  revision = "a32116e4989e2b0e17c057ee378b4d5246add74e"
  version = "v1.1.0"

[[projects]]
  branch = "master"
  digest = "1:3bcf2d2ba964956de427fd779902ad115e564ce1d21033a01e97d8cb0947da40"
  name = "github.com/bettercap/gatt"
  packages = [
    ".",
    "linux",
    "linux/cmd",
    "linux/evt",
    "linux/gioctl",
    "linux/socket",
    "linux/util",
    "xpc",
  ]
  pruneopts = "UT"
  revision = "7650429b6f92880240174d048f14d0762ca4dfcd"

[[projects]]
  digest = "1:b95738a1e6ace058b5b8544303c0871fc01d224ef0d672f778f696265d0f2917"
  name = "github.com/bettercap/readline"
  packages = ["."]
  pruneopts = "UT"
  revision = "62c6fe6193755f722b8b8788aa7357be55a50ff1"
  version = "v1.4"

[[projects]]
  branch = "master"
  digest = "1:8efd09ca363b01b7dca5baf091d65473df5f08f107b7c3fcd93c605189e031ed"
  name = "github.com/chifflier/nfqueue-go"
  packages = ["nfqueue"]
  pruneopts = "UT"
  revision = "61ca646babef3bd4dea1deb610bfb0005c0a1298"

[[projects]]
  branch = "master"
  digest = "1:6f9339c912bbdda81302633ad7e99a28dfa5a639c864061f1929510a9a64aa74"
  name = "github.com/dustin/go-humanize"
  packages = ["."]
  pruneopts = "UT"
  revision = "9f541cc9db5d55bce703bd99987c9d5cb8eea45e"

[[projects]]
  branch = "master"
  digest = "1:f77360df85b686035d0bff3b3988b29eb7ce415328e37e82cc5ec8439822911c"
  name = "github.com/elazarl/goproxy"
  packages = ["."]
  pruneopts = "UT"
  revision = "2ce16c963a8ac5bd6af851d4877e38701346983f"

[[projects]]
  digest = "1:88e0bcc18d131d663b1d1c449e91207bcc008978eb3eee7ac4a12ef9a8c8924c"
  name = "github.com/evilsocket/islazy"
  packages = [
    "data",
    "fs",
    "log",
    "plugin",
    "str",
    "tui",
    "zip",
  ]
  pruneopts = "UT"
  revision = "cbdab98bdf66f776cf87f90f51328c7b41348125"
  version = "v1.9.3"

[[projects]]
  branch = "master"
  digest = "1:e5e45557e1871c967a6ccaa5b95d1233a2c01ab00615621825d1aca7383dc022"
  name = "github.com/gobwas/glob"
  packages = [
    ".",
    "compiler",
    "match",
    "syntax",
    "syntax/ast",
    "syntax/lexer",
    "util/runes",
    "util/strings",
  ]
  pruneopts = "UT"
  revision = "e7a84e9525fe90abcda167b604e483cc959ad4aa"

[[projects]]
  digest = "1:51bee9f1987dcdb9f9a1b4c20745d78f6bf6f5f14ad4e64ca883eb64df4c0045"
  name = "github.com/google/go-github"
  packages = ["github"]
  pruneopts = "UT"
  revision = "e48060a28fac52d0f1cb758bc8b87c07bac4a87d"
  version = "v15.0.0"

[[projects]]
  digest = "1:a63cff6b5d8b95638bfe300385d93b2a6d9d687734b863da8e09dc834510a690"
  name = "github.com/google/go-querystring"
  packages = ["query"]
  pruneopts = "UT"
  revision = "44c6ddd0a2342c386950e880b658017258da92fc"
  version = "v1.0.0"

[[projects]]
  digest = "1:65e00adfb37f64ce3c24f139bc73db70bfe45224ebaf88250eff4038e32ac9cf"
  name = "github.com/google/gopacket"
  packages = [
    ".",
    "layers",
    "pcap",
    "pcapgo",
  ]
  pruneopts = "UT"
  revision = "d67ddb98d5a1b7c79a8977ec2d552e1db45eda86"

[[projects]]
  digest = "1:c79fb010be38a59d657c48c6ba1d003a8aa651fa56b579d959d74573b7dff8e1"
  name = "github.com/gorilla/context"
  packages = ["."]
  pruneopts = "UT"
  revision = "08b5f424b9271eedf6f9f0ce86cb9396ed337a42"
  version = "v1.1.1"

[[projects]]
  digest = "1:e73f5b0152105f18bc131fba127d9949305c8693f8a762588a82a48f61756f5f"
  name = "github.com/gorilla/mux"
  packages = ["."]
  pruneopts = "UT"
  revision = "e3702bed27f0d39777b0b37b664b6280e8ef8fbf"
  version = "v1.6.2"

[[projects]]
  digest = "1:7b5c6e2eeaa9ae5907c391a91c132abfd5c9e8a784a341b5625e750c67e6825d"
  name = "github.com/gorilla/websocket"
  packages = ["."]
  pruneopts = "UT"
  revision = "66b9c49e59c6c48f0ffce28c2d8b8a5678502c6d"
  version = "v1.4.0"

[[projects]]
  branch = "master"
  digest = "1:6480de9b8abc75bfb06947e139aa07429dfed37f95a258e90865c4c84a9e188b"
  name = "github.com/inconshreveable/go-vhost"
  packages = ["."]
  pruneopts = "UT"
  revision = "06d84117953b22058c096b49a429ebd4f3d3d97b"

[[projects]]
  branch = "master"
  digest = "1:afaa86f5ab9275b1c5cccb3343fa3b7ea77045572a59e9f97d36fd67d14fbe62"
  name = "github.com/jpillora/go-tld"
  packages = ["."]
  pruneopts = "UT"
  revision = "4bfc8d9a90b591e101a56265afc2239359fb0810"

[[projects]]
  digest = "1:4701b2acabe16722ecb1e387d39741a29269386bfc4ba6283ecda362d289eff1"
  name = "github.com/malfunkt/iprange"
  packages = ["."]
  pruneopts = "UT"
  revision = "3a31f5ed42d2d8a1fc46f1be91fd693bdef2dd52"
  version = "v0.9.0"

[[projects]]
  digest = "1:c658e84ad3916da105a761660dcaeb01e63416c8ec7bc62256a9b411a05fcd67"
  name = "github.com/mattn/go-colorable"
  packages = ["."]
  pruneopts = "UT"
  revision = "167de6bfdfba052fa6b2d3664c8f5272e23c9072"
  version = "v0.0.9"

[[projects]]
  digest = "1:0981502f9816113c9c8c4ac301583841855c8cf4da8c72f696b3ebedf6d0e4e5"
  name = "github.com/mattn/go-isatty"
  packages = ["."]
  pruneopts = "UT"
  revision = "6ca4dbf54d38eea1a992b3c722a76a5d1c4cb25c"
  version = "v0.0.4"

[[projects]]
  branch = "master"
  digest = "1:0e2c7e1de0daaa759dac2b7feb90fdc944f1d23a6e0c8c20502cb635bcd2aaba"
  name = "github.com/mdlayher/dhcp6"
  packages = [
    ".",
    "dhcp6opts",
    "internal/buffer",
  ]
  pruneopts = "UT"
  revision = "775147d26a880f77f6e06d1a28fbeb2ec4fec013"

[[projects]]
  branch = "master"
  digest = "1:450f3a64f7a76d3f229ff33a30f0a889629dde46b0f82ece7c53404528316665"
  name = "github.com/mdlayher/raw"
  packages = ["."]
  pruneopts = "UT"
  revision = "fa5ef3332ca961deab5782da07b1616fea8a9dd8"

[[projects]]
  branch = "master"
  digest = "1:2b32af4d2a529083275afc192d1067d8126b578c7a9613b26600e4df9c735155"
  name = "github.com/mgutz/ansi"
  packages = ["."]
  pruneopts = "UT"
  revision = "9520e82c474b0a04dd04f8a40959027271bab992"

[[projects]]
  digest = "1:17bc403348b60bd01bfd2e507fcb23463e76f4b1f433d50b0872b8219df1250d"
  name = "github.com/mgutz/logxi"
  packages = ["v1"]
  pruneopts = "UT"
  revision = "aebf8a7d67ab4625e0fd4a665766fef9a709161b"
  version = "v1"

[[projects]]
  digest = "1:cf31692c14422fa27c83a05292eb5cbe0fb2775972e8f1f8446a71549bd8980b"
  name = "github.com/pkg/errors"
  packages = ["."]
  pruneopts = "UT"
  revision = "ba968bfe8b2f7e042a574c888954fccecfa385b4"
  version = "v0.8.1"

[[projects]]
  branch = "master"
  digest = "1:dbfe572cc258e5bcf54cb650a06d90edd0da04e42ca1ed909cc1d49f00011c63"
  name = "github.com/robertkrimen/otto"
  packages = [
    ".",
    "ast",
    "dbg",
    "file",
    "parser",
    "registry",
    "token",
  ]
  pruneopts = "UT"
  revision = "15f95af6e78dcd2030d8195a138bd88d4f403546"

[[projects]]
  branch = "master"
  digest = "1:52b21e6be25049834aea5ecdde35d723c00fbdad3ea0357f2072dfb105836e02"
  name = "github.com/tarm/serial"
  packages = ["."]
  pruneopts = "UT"
  revision = "98f6abe2eb07edd42f6dfa2a934aea469acc29b7"

[[projects]]
  branch = "master"
  digest = "1:b45576bdf553b4c64ff798345b3256e49a157f8b480d29c8c0a89f09119d6c5a"
  name = "golang.org/x/net"
  packages = ["bpf"]
  pruneopts = "UT"
  revision = "915654e7eabcea33ae277abbecf52f0d8b7a9fdc"

[[projects]]
  branch = "master"
  digest = "1:f6f6d9d6f80c9e32acc0f4f3b904e0b9f5b18a7757c2ef941121bd79a10e7bdf"
  name = "golang.org/x/sys"
  packages = ["unix"]
  pruneopts = "UT"
  revision = "11f53e03133963fb11ae0588e08b5e0b85be8be5"

[[projects]]
  digest = "1:9935525a8c49b8434a0b0a54e1980e94a6fae73aaff45c5d33ba8dff69de123e"
  name = "gopkg.in/sourcemap.v1"
  packages = [
    ".",
    "base64vlq",
  ]
  pruneopts = "UT"
  revision = "6e83acea0053641eff084973fee085f0c193c61a"
  version = "v1.0.5"

[solve-meta]
  analyzer-name = "dep"
  analyzer-version = 1
  input-imports = [
    "github.com/adrianmo/go-nmea",
    "github.com/bettercap/gatt",
    "github.com/bettercap/readline",
    "github.com/chifflier/nfqueue-go/nfqueue",
    "github.com/dustin/go-humanize",
    "github.com/elazarl/goproxy",
    "github.com/evilsocket/islazy/data",
    "github.com/evilsocket/islazy/fs",
    "github.com/evilsocket/islazy/log",
    "github.com/evilsocket/islazy/plugin",
    "github.com/evilsocket/islazy/str",
    "github.com/evilsocket/islazy/tui",
    "github.com/evilsocket/islazy/zip",
    "github.com/gobwas/glob",
    "github.com/google/go-github/github",
    "github.com/google/gopacket",
    "github.com/google/gopacket/layers",
    "github.com/google/gopacket/pcap",
    "github.com/google/gopacket/pcapgo",
    "github.com/gorilla/mux",
    "github.com/gorilla/websocket",
    "github.com/inconshreveable/go-vhost",
    "github.com/jpillora/go-tld",
    "github.com/malfunkt/iprange",
    "github.com/mdlayher/dhcp6",
    "github.com/mdlayher/dhcp6/dhcp6opts",
    "github.com/robertkrimen/otto",
    "github.com/tarm/serial",
  ]
  solver-name = "gps-cdcl"
  solver-version = 1
